
Microsoft Visual Studio Solution File, Format Version 12.00
# Visual Studio 15
VisualStudioVersion = 15.0.28307.168
MinimumVisualStudioVersion = 10.0.40219.1
Project("{8BC9CEB8-8B4A-11D0-8D11-00A0C91BC942}") = "c.graph.v2", "c.graph.v2.vcxproj", "{B72C1A83-1CBA-4AC4-8D19-C21B4919951B}"
EndProject
Global
	GlobalSection(SolutionConfigurationPlatforms) = preSolution
		Debug|x64 = Debug|x64
		Debug|x86 = Debug|x86
		Release|x64 = Release|x64
		Release|x86 = Release|x86
	EndGlobalSection
	GlobalSection(ProjectConfigurationPlatforms) = postSolution
		{B72C1A83-1CBA-4AC4-8D19-C21B4919951B}.Debug|x64.ActiveCfg = Debug|x64
		{B72C1A83-1CBA-4AC4-8D19-C21B4919951B}.Debug|x64.Build.0 = Debug|x64
		{B72C1A83-1CBA-4AC4-8D19-C21B4919951B}.Debug|x86.ActiveCfg = Debug|Win32
		{B72C1A83-1CBA-4AC4-8D19-C21B4919951B}.Debug|x86.Build.0 = Debug|Win32
		{B72C1A83-1CBA-4AC4-8D19-C21B4919951B}.Release|x64.ActiveCfg = Release|x64
		{B72C1A83-1CBA-4AC4-8D19-C21B4919951B}.Release|x64.Build.0 = Release|x64
		{B72C1A83-1CBA-4AC4-8D19-C21B4919951B}.Release|x86.ActiveCfg = Release|Win32
		{B72C1A83-1CBA-4AC4-8D19-C21B4919951B}.Release|x86.Build.0 = Release|Win32
	EndGlobalSection
	GlobalSection(SolutionProperties) = preSolution
		HideSolutionNode = FALSE
	EndGlobalSection
	GlobalSection(ExtensibilityGlobals) = postSolution
		SolutionGuid = {22820671-9629-4F56-8D93-99C98D5CDE1A}
	EndGlobalSection
EndGlobal
